
Microsoft Visual Studio Solution File, Format Version 12.00
# Visual Studio Version 17
VisualStudioVersion = 17.7.34221.43
MinimumVisualStudioVersion = 10.0.40219.1
Project("{FAE04EC0-301F-11D3-BF4B-00C04F79EFBC}") = "FinistSoftWebApi", "FinistSoftWebApi\FinistSoftWebApi.csproj", "{3938CD5C-9F3F-46B6-8401-4E07D965A171}"
EndProject
Project("{FAE04EC0-301F-11D3-BF4B-00C04F79EFBC}") = "FinistSoftAdmin", "FinistSoftAdmin\FinistSoftAdmin.csproj", "{630B81D3-E33F-4CD5-83CA-6525367F5F7F}"
EndProject
Global
	GlobalSection(SolutionConfigurationPlatforms) = preSolution
		Debug|Any CPU = Debug|Any CPU
		Release|Any CPU = Release|Any CPU
	EndGlobalSection
	GlobalSection(ProjectConfigurationPlatforms) = postSolution
		{3938CD5C-9F3F-46B6-8401-4E07D965A171}.Debug|Any CPU.ActiveCfg = Debug|Any CPU
		{3938CD5C-9F3F-46B6-8401-4E07D965A171}.Debug|Any CPU.Build.0 = Debug|Any CPU
		{3938CD5C-9F3F-46B6-8401-4E07D965A171}.Release|Any CPU.ActiveCfg = Release|Any CPU
		{3938CD5C-9F3F-46B6-8401-4E07D965A171}.Release|Any CPU.Build.0 = Release|Any CPU
		{630B81D3-E33F-4CD5-83CA-6525367F5F7F}.Debug|Any CPU.ActiveCfg = Debug|Any CPU
		{630B81D3-E33F-4CD5-83CA-6525367F5F7F}.Debug|Any CPU.Build.0 = Debug|Any CPU
		{630B81D3-E33F-4CD5-83CA-6525367F5F7F}.Release|Any CPU.ActiveCfg = Release|Any CPU
		{630B81D3-E33F-4CD5-83CA-6525367F5F7F}.Release|Any CPU.Build.0 = Release|Any CPU
	EndGlobalSection
	GlobalSection(SolutionProperties) = preSolution
		HideSolutionNode = FALSE
	EndGlobalSection
	GlobalSection(ExtensibilityGlobals) = postSolution
		SolutionGuid = {C6A1A7AF-A8AD-4FE2-BF36-D083BA518444}
	EndGlobalSection
EndGlobal
